
Microsoft Visual Studio Solution File, Format Version 12.00
# Visual Studio Version 17
VisualStudioVersion = 17.13.35825.156 d17.13
MinimumVisualStudioVersion = 10.0.40219.1
Project("{FAE04EC0-301F-11D3-BF4B-00C04F79EFBC}") = "dnp3servertest", "dnp3servertest.csproj", "{EDA48917-D224-48D3-B063-2270496A175A}"
EndProject
Global
	GlobalSection(SolutionConfigurationPlatforms) = preSolution
		Debug|Any CPU = Debug|Any CPU
		Debug|x64 = Debug|x64
		Release|Any CPU = Release|Any CPU
		Release|x64 = Release|x64
	EndGlobalSection
	GlobalSection(ProjectConfigurationPlatforms) = postSolution
		{EDA48917-D224-48D3-B063-2270496A175A}.Debug|Any CPU.ActiveCfg = Debug|Any CPU
		{EDA48917-D224-48D3-B063-2270496A175A}.Debug|Any CPU.Build.0 = Debug|Any CPU
		{EDA48917-D224-48D3-B063-2270496A175A}.Debug|x64.ActiveCfg = Debug|x64
		{EDA48917-D224-48D3-B063-2270496A175A}.Debug|x64.Build.0 = Debug|x64
		{EDA48917-D224-48D3-B063-2270496A175A}.Release|Any CPU.ActiveCfg = Release|Any CPU
		{EDA48917-D224-48D3-B063-2270496A175A}.Release|Any CPU.Build.0 = Release|Any CPU
		{EDA48917-D224-48D3-B063-2270496A175A}.Release|x64.ActiveCfg = Release|x64
		{EDA48917-D224-48D3-B063-2270496A175A}.Release|x64.Build.0 = Release|x64
	EndGlobalSection
	GlobalSection(SolutionProperties) = preSolution
		HideSolutionNode = FALSE
	EndGlobalSection
	GlobalSection(ExtensibilityGlobals) = postSolution
		SolutionGuid = {C1EF4DEB-6437-4104-A3A9-C77FAFBD2E86}
	EndGlobalSection
EndGlobal
